
Microsoft Visual Studio Solution File, Format Version 12.00
# Visual Studio Version 16
VisualStudioVersion = 16.0.30907.101
MinimumVisualStudioVersion = 10.0.40219.1
Project("{FAE04EC0-301F-11D3-BF4B-00C04F79EFBC}") = "TodoApi", "TodoApi\TodoApi.csproj", "{96366BA0-08BB-40A3-994B-C7D241DCBAE4}"
EndProject
Global
	GlobalSection(SolutionConfigurationPlatforms) = preSolution
		Debug|Any CPU = Debug|Any CPU
		Release|Any CPU = Release|Any CPU
	EndGlobalSection
	GlobalSection(ProjectConfigurationPlatforms) = postSolution
		{96366BA0-08BB-40A3-994B-C7D241DCBAE4}.Debug|Any CPU.ActiveCfg = Debug|Any CPU
		{96366BA0-08BB-40A3-994B-C7D241DCBAE4}.Debug|Any CPU.Build.0 = Debug|Any CPU
		{96366BA0-08BB-40A3-994B-C7D241DCBAE4}.Release|Any CPU.ActiveCfg = Release|Any CPU
		{96366BA0-08BB-40A3-994B-C7D241DCBAE4}.Release|Any CPU.Build.0 = Release|Any CPU
	EndGlobalSection
	GlobalSection(SolutionProperties) = preSolution
		HideSolutionNode = FALSE
	EndGlobalSection
	GlobalSection(ExtensibilityGlobals) = postSolution
		SolutionGuid = {31275B76-67A5-48BB-B504-53713D7EE8AB}
	EndGlobalSection
EndGlobal
